
Microsoft Visual Studio Solution File, Format Version 11.00
# Visual Studio 2010
Project("{FAE04EC0-301F-11D3-BF4B-00C04F79EFBC}") = "DemoTools", "DemoTools\DemoTools.csproj", "{0144844E-F65F-4ACA-8313-B5054978A047}"
EndProject
Project("{FAE04EC0-301F-11D3-BF4B-00C04F79EFBC}") = "StringMatchFunction", "..\StringMatchFunction\StringMatchFunction\StringMatchFunction.csproj", "{016B1642-AD80-4C26-AB6D-484B7B485B7E}"
EndProject
Global
	GlobalSection(SolutionConfigurationPlatforms) = preSolution
		Debug|x86 = Debug|x86
		Release|x86 = Release|x86
	EndGlobalSection
	GlobalSection(ProjectConfigurationPlatforms) = postSolution
		{0144844E-F65F-4ACA-8313-B5054978A047}.Debug|x86.ActiveCfg = Debug|x86
		{0144844E-F65F-4ACA-8313-B5054978A047}.Debug|x86.Build.0 = Debug|x86
		{0144844E-F65F-4ACA-8313-B5054978A047}.Release|x86.ActiveCfg = Release|x86
		{0144844E-F65F-4ACA-8313-B5054978A047}.Release|x86.Build.0 = Release|x86
		{016B1642-AD80-4C26-AB6D-484B7B485B7E}.Debug|x86.ActiveCfg = Debug|x86
		{016B1642-AD80-4C26-AB6D-484B7B485B7E}.Debug|x86.Build.0 = Debug|x86
		{016B1642-AD80-4C26-AB6D-484B7B485B7E}.Release|x86.ActiveCfg = Release|x86
		{016B1642-AD80-4C26-AB6D-484B7B485B7E}.Release|x86.Build.0 = Release|x86
	EndGlobalSection
	GlobalSection(SolutionProperties) = preSolution
		HideSolutionNode = FALSE
	EndGlobalSection
EndGlobal
